{
  "version": 4,
  "terraform_version": "1.11.4",
  "serial": 114,
  "lineage": "341c7f47-66ea-46a2-fcd2-a38c0d0e9c69",
  "outputs": {},
  "resources": [
    {
      "mode": "managed",
      "type": "aws_iam_user",
      "name": "s3_user",
      "provider": "provider[\"registry.terraform.io/hashicorp/aws\"]",
      "instances": [
        {
          "schema_version": 0,
          "attributes": {
            "arn": "arn:aws:iam::382856575763:user/media-uploader",
            "force_destroy": false,
            "id": "media-uploader",
            "name": "media-uploader",
            "path": "/",
            "permissions_boundary": "",
            "tags": {},
            "tags_all": {},
            "unique_id": "AIDAVSJAHXMJS4RWRRPCA"
          },
          "sensitive_attributes": [],
          "private": "bnVsbA=="
        }
      ]
    }
  ],
  "check_results": null
}
